{
  "version": 4,
  "terraform_version": "1.15.5",
  "serial": 33,
  "lineage": "1cab8110-e8ac-c0d4-f928-35720187cbaa",
  "outputs": {
    "clientes_api_url": {
      "value": "https://k2pvi7xrcmxcydmqwp7xv3foqm0pgsen.lambda-url.us-east-2.on.aws/",
      "type": "string"
    },
    "clientes_table_name": {
      "value": "clientes-aws-clientes",
      "type": "string"
    },
    "cloudwatch_log_group": {
      "value": "/aws/lambda/clientes-aws-api",
      "type": "string"
    }
  },
  "resources": [
    {
      "mode": "data",
      "type": "archive_file",
      "name": "clientes_lambda",
      "provider": "provider[\"registry.terraform.io/hashicorp/archive\"]",
      "instances": [
        {
          "schema_version": 0,
          "attributes": {
            "exclude_symlink_directories": null,
            "excludes": null,
            "id": "bb7605d1ebf473d873cd6872944ed04b9d269f3a",
            "output_base64sha256": "InK/bSeJ0fXHbcKJ9GbMX66GC3voU0DnVZVROTDpppM=",
            "output_base64sha512": "Mj5cJ4FVia2ab3VAlpc77gUl7Gsm7+9o9JS25fR/s9Fjsolvzu/3DNH0O7gaSwIDCOnNBDNq8jBzVHSu/OjLiA==",
            "output_file_mode": null,
            "output_md5": "8e208e700d37534ed60da073032612b4",
            "output_path": "./.terraform/clientes-aws-api.zip",
            "output_sha": "bb7605d1ebf473d873cd6872944ed04b9d269f3a",
            "output_sha256": "2272bf6d2789d1f5c76dc289f466cc5fae860b7be85340e75595513930e9a693",
            "output_sha512": "323e5c27815589ad9a6f754096973bee0525ec6b26efef68f494b6e5f47fb3d163b2896fceeff70cd1f43bb81a4b020308e9cd04336af230735474aefce8cb88",
            "output_size": 2131,
            "source": [],
            "source_content": null,
            "source_content_filename": null,
            "source_dir": "./../backend/lambda/clientes",
            "source_file": null,
            "type": "zip"
          },
          "sensitive_attributes": [],
          "identity_schema_version": 0
        }
      ]
    },
    {
      "mode": "managed",
      "type": "aws_cloudwatch_log_group",
      "name": "clientes_lambda",
      "provider": "provider[\"registry.terraform.io/hashicorp/aws\"]",
      "instances": [
        {
          "schema_version": 0,
          "attributes": {
            "arn": "arn:aws:logs:us-east-2:851725347003:log-group:/aws/lambda/clientes-aws-api",
            "id": "/aws/lambda/clientes-aws-api",
            "kms_key_id": "",
            "log_group_class": "STANDARD",
            "name": "/aws/lambda/clientes-aws-api",
            "name_prefix": "",
            "retention_in_days": 14,
            "skip_destroy": false,
            "tags": {
              "Level": "2-backend-aws",
              "Project": "clientes-aws"
            },
            "tags_all": {
              "Level": "2-backend-aws",
              "Project": "clientes-aws"
            }
          },
          "sensitive_attributes": [],
          "identity_schema_version": 0,
          "private": "bnVsbA=="
        }
      ]
    },
    {
      "mode": "managed",
      "type": "aws_dynamodb_table",
      "name": "clientes",
      "provider": "provider[\"registry.terraform.io/hashicorp/aws\"]",
      "instances": [
        {
          "schema_version": 1,
          "attributes": {
            "arn": "arn:aws:dynamodb:us-east-2:851725347003:table/clientes-aws-clientes",
            "attribute": [
              {
                "name": "ID",
                "type": "S"
              }
            ],
            "billing_mode": "PAY_PER_REQUEST",
            "deletion_protection_enabled": false,
            "global_secondary_index": [],
            "hash_key": "ID",
            "id": "clientes-aws-clientes",
            "import_table": [],
            "local_secondary_index": [],
            "name": "clientes-aws-clientes",
            "on_demand_throughput": [],
            "point_in_time_recovery": [
              {
                "enabled": false,
                "recovery_period_in_days": 0
              }
            ],
            "range_key": null,
            "read_capacity": 0,
            "replica": [],
            "restore_date_time": null,
            "restore_source_name": null,
            "restore_source_table_arn": null,
            "restore_to_latest_time": null,
            "server_side_encryption": [],
            "stream_arn": "",
            "stream_enabled": false,
            "stream_label": "",
            "stream_view_type": "",
            "table_class": "STANDARD",
            "tags": {
              "Level": "2-backend-aws",
              "Project": "clientes-aws"
            },
            "tags_all": {
              "Level": "2-backend-aws",
              "Project": "clientes-aws"
            },
            "timeouts": null,
            "ttl": [
              {
                "attribute_name": "",
                "enabled": false
              }
            ],
            "write_capacity": 0
          },
          "sensitive_attributes": [],
          "identity_schema_version": 0,
          "private": "eyJlMmJmYjczMC1lY2FhLTExZTYtOGY4OC0zNDM2M2JjN2M0YzAiOnsiY3JlYXRlIjoxODAwMDAwMDAwMDAwLCJkZWxldGUiOjYwMDAwMDAwMDAwMCwidXBkYXRlIjozNjAwMDAwMDAwMDAwfSwic2NoZW1hX3ZlcnNpb24iOiIxIn0="
        }
      ]
    },
    {
      "mode": "managed",
      "type": "aws_iam_role",
      "name": "lambda_exec",
      "provider": "provider[\"registry.terraform.io/hashicorp/aws\"]",
      "instances": [
        {
          "schema_version": 0,
          "attributes": {
            "arn": "arn:aws:iam::851725347003:role/clientes-aws-api-role",
            "assume_role_policy": "{\"Statement\":[{\"Action\":\"sts:AssumeRole\",\"Effect\":\"Allow\",\"Principal\":{\"Service\":\"lambda.amazonaws.com\"}}],\"Version\":\"2012-10-17\"}",
            "create_date": "2026-06-10T03:27:59Z",
            "description": "",
            "force_detach_policies": false,
            "id": "clientes-aws-api-role",
            "inline_policy": [
              {
                "name": "clientes-aws-api-minimum-permissions",
                "policy": "{\"Version\":\"2012-10-17\",\"Statement\":[{\"Action\":[\"dynamodb:DeleteItem\",\"dynamodb:PutItem\",\"dynamodb:Scan\",\"dynamodb:UpdateItem\"],\"Effect\":\"Allow\",\"Resource\":\"arn:aws:dynamodb:us-east-2:851725347003:table/clientes-aws-clientes\",\"Sid\":\"ClientesTableCrud\"},{\"Action\":[\"logs:CreateLogStream\",\"logs:PutLogEvents\"],\"Effect\":\"Allow\",\"Resource\":\"arn:aws:logs:us-east-2:851725347003:log-group:/aws/lambda/clientes-aws-api:*\",\"Sid\":\"WriteLambdaLogs\"}]}"
              }
            ],
            "managed_policy_arns": [],
            "max_session_duration": 3600,
            "name": "clientes-aws-api-role",
            "name_prefix": "",
            "path": "/",
            "permissions_boundary": "",
            "tags": {
              "Level": "2-backend-aws",
              "Project": "clientes-aws"
            },
            "tags_all": {
              "Level": "2-backend-aws",
              "Project": "clientes-aws"
            },
            "unique_id": "AROA4MTWJNC52JWF2V4L7"
          },
          "sensitive_attributes": [],
          "identity_schema_version": 0,
          "private": "bnVsbA=="
        }
      ]
    },
    {
      "mode": "managed",
      "type": "aws_iam_role_policy",
      "name": "lambda_minimum_permissions",
      "provider": "provider[\"registry.terraform.io/hashicorp/aws\"]",
      "instances": [
        {
          "schema_version": 0,
          "attributes": {
            "id": "clientes-aws-api-role:clientes-aws-api-minimum-permissions",
            "name": "clientes-aws-api-minimum-permissions",
            "name_prefix": "",
            "policy": "{\"Version\":\"2012-10-17\",\"Statement\":[{\"Action\":[\"dynamodb:DeleteItem\",\"dynamodb:PutItem\",\"dynamodb:Scan\",\"dynamodb:UpdateItem\"],\"Effect\":\"Allow\",\"Resource\":\"arn:aws:dynamodb:us-east-2:851725347003:table/clientes-aws-clientes\",\"Sid\":\"ClientesTableCrud\"},{\"Action\":[\"logs:CreateLogStream\",\"logs:PutLogEvents\"],\"Effect\":\"Allow\",\"Resource\":\"arn:aws:logs:us-east-2:851725347003:log-group:/aws/lambda/clientes-aws-api:*\",\"Sid\":\"WriteLambdaLogs\"}]}",
            "role": "clientes-aws-api-role"
          },
          "sensitive_attributes": [],
          "identity_schema_version": 0,
          "private": "bnVsbA==",
          "dependencies": [
            "aws_cloudwatch_log_group.clientes_lambda",
            "aws_dynamodb_table.clientes",
            "aws_iam_role.lambda_exec"
          ]
        }
      ]
    },
    {
      "mode": "managed",
      "type": "aws_lambda_function",
      "name": "clientes_api",
      "provider": "provider[\"registry.terraform.io/hashicorp/aws\"]",
      "instances": [
        {
          "schema_version": 0,
          "attributes": {
            "architectures": [
              "x86_64"
            ],
            "arn": "arn:aws:lambda:us-east-2:851725347003:function:clientes-aws-api",
            "code_sha256": "InK/bSeJ0fXHbcKJ9GbMX66GC3voU0DnVZVROTDpppM=",
            "code_signing_config_arn": "",
            "dead_letter_config": [],
            "description": "",
            "environment": [
              {
                "variables": {
                  "ALLOWED_ORIGINS": "http://localhost:5173",
                  "TABLE_NAME": "clientes-aws-clientes"
                }
              }
            ],
            "ephemeral_storage": [
              {
                "size": 512
              }
            ],
            "file_system_config": [],
            "filename": "./.terraform/clientes-aws-api.zip",
            "function_name": "clientes-aws-api",
            "handler": "app.lambda_handler",
            "id": "clientes-aws-api",
            "image_config": [],
            "image_uri": "",
            "invoke_arn": "arn:aws:apigateway:us-east-2:lambda:path/2015-03-31/functions/arn:aws:lambda:us-east-2:851725347003:function:clientes-aws-api/invocations",
            "kms_key_arn": "",
            "last_modified": "2026-06-10T04:02:03.000+0000",
            "layers": [],
            "logging_config": [
              {
                "application_log_level": "",
                "log_format": "Text",
                "log_group": "/aws/lambda/clientes-aws-api",
                "system_log_level": ""
              }
            ],
            "memory_size": 128,
            "package_type": "Zip",
            "publish": false,
            "qualified_arn": "arn:aws:lambda:us-east-2:851725347003:function:clientes-aws-api:$LATEST",
            "qualified_invoke_arn": "arn:aws:apigateway:us-east-2:lambda:path/2015-03-31/functions/arn:aws:lambda:us-east-2:851725347003:function:clientes-aws-api:$LATEST/invocations",
            "replace_security_groups_on_destroy": null,
            "replacement_security_group_ids": null,
            "reserved_concurrent_executions": -1,
            "role": "arn:aws:iam::851725347003:role/clientes-aws-api-role",
            "runtime": "python3.12",
            "s3_bucket": null,
            "s3_key": null,
            "s3_object_version": null,
            "signing_job_arn": "",
            "signing_profile_version_arn": "",
            "skip_destroy": false,
            "snap_start": [],
            "source_code_hash": "InK/bSeJ0fXHbcKJ9GbMX66GC3voU0DnVZVROTDpppM=",
            "source_code_size": 2131,
            "tags": {
              "Level": "2-backend-aws",
              "Project": "clientes-aws"
            },
            "tags_all": {
              "Level": "2-backend-aws",
              "Project": "clientes-aws"
            },
            "timeout": 10,
            "timeouts": null,
            "tracing_config": [
              {
                "mode": "PassThrough"
              }
            ],
            "version": "$LATEST",
            "vpc_config": []
          },
          "sensitive_attributes": [],
          "identity_schema_version": 0,
          "private": "eyJlMmJmYjczMC1lY2FhLTExZTYtOGY4OC0zNDM2M2JjN2M0YzAiOnsiY3JlYXRlIjo2MDAwMDAwMDAwMDAsImRlbGV0ZSI6NjAwMDAwMDAwMDAwLCJ1cGRhdGUiOjYwMDAwMDAwMDAwMH19",
          "dependencies": [
            "aws_cloudwatch_log_group.clientes_lambda",
            "aws_dynamodb_table.clientes",
            "aws_iam_role.lambda_exec",
            "aws_iam_role_policy.lambda_minimum_permissions",
            "data.archive_file.clientes_lambda"
          ]
        }
      ]
    },
    {
      "mode": "managed",
      "type": "aws_lambda_function_url",
      "name": "clientes_api",
      "provider": "provider[\"registry.terraform.io/hashicorp/aws\"]",
      "instances": [
        {
          "schema_version": 0,
          "attributes": {
            "authorization_type": "NONE",
            "cors": [],
            "function_arn": "arn:aws:lambda:us-east-2:851725347003:function:clientes-aws-api",
            "function_name": "clientes-aws-api",
            "function_url": "https://k2pvi7xrcmxcydmqwp7xv3foqm0pgsen.lambda-url.us-east-2.on.aws/",
            "id": "clientes-aws-api",
            "invoke_mode": "BUFFERED",
            "qualifier": "",
            "timeouts": null,
            "url_id": "k2pvi7xrcmxcydmqwp7xv3foqm0pgsen"
          },
          "sensitive_attributes": [],
          "identity_schema_version": 0,
          "private": "eyJlMmJmYjczMC1lY2FhLTExZTYtOGY4OC0zNDM2M2JjN2M0YzAiOnsiY3JlYXRlIjo2MDAwMDAwMDAwMDB9fQ==",
          "dependencies": [
            "aws_cloudwatch_log_group.clientes_lambda",
            "aws_dynamodb_table.clientes",
            "aws_iam_role.lambda_exec",
            "aws_iam_role_policy.lambda_minimum_permissions",
            "aws_lambda_function.clientes_api",
            "aws_lambda_permission.allow_public_function_url",
            "data.archive_file.clientes_lambda"
          ]
        }
      ]
    },
    {
      "mode": "managed",
      "type": "aws_lambda_permission",
      "name": "allow_public_function_url",
      "provider": "provider[\"registry.terraform.io/hashicorp/aws\"]",
      "instances": [
        {
          "schema_version": 0,
          "attributes": {
            "action": "lambda:InvokeFunctionUrl",
            "event_source_token": "",
            "function_name": "clientes-aws-api",
            "function_url_auth_type": "NONE",
            "id": "AllowPublicFunctionUrlInvoke",
            "principal": "*",
            "principal_org_id": "",
            "qualifier": "",
            "source_account": "",
            "source_arn": null,
            "statement_id": "AllowPublicFunctionUrlInvoke",
            "statement_id_prefix": ""
          },
          "sensitive_attributes": [],
          "identity_schema_version": 0,
          "private": "bnVsbA==",
          "dependencies": [
            "aws_cloudwatch_log_group.clientes_lambda",
            "aws_dynamodb_table.clientes",
            "aws_iam_role.lambda_exec",
            "aws_iam_role_policy.lambda_minimum_permissions",
            "aws_lambda_function.clientes_api",
            "data.archive_file.clientes_lambda"
          ]
        }
      ]
    }
  ],
  "check_results": null
}
